
Microsoft Visual Studio Solution File, Format Version 12.00
# Visual Studio Version 17
VisualStudioVersion = 17.4.33213.308
MinimumVisualStudioVersion = 10.0.40219.1
Project("{FAE04EC0-301F-11D3-BF4B-00C04F79EFBC}") = "eCMS", "eCMS\eCMS.csproj", "{88A1DC53-B831-4774-A366-EA7F01D8E926}"
EndProject
Global
	GlobalSection(SolutionConfigurationPlatforms) = preSolution
		Debug|Any CPU = Debug|Any CPU
		Release|Any CPU = Release|Any CPU
	EndGlobalSection
	GlobalSection(ProjectConfigurationPlatforms) = postSolution
		{88A1DC53-B831-4774-A366-EA7F01D8E926}.Debug|Any CPU.ActiveCfg = Debug|Any CPU
		{88A1DC53-B831-4774-A366-EA7F01D8E926}.Debug|Any CPU.Build.0 = Debug|Any CPU
		{88A1DC53-B831-4774-A366-EA7F01D8E926}.Release|Any CPU.ActiveCfg = Release|Any CPU
		{88A1DC53-B831-4774-A366-EA7F01D8E926}.Release|Any CPU.Build.0 = Release|Any CPU
	EndGlobalSection
	GlobalSection(SolutionProperties) = preSolution
		HideSolutionNode = FALSE
	EndGlobalSection
	GlobalSection(ExtensibilityGlobals) = postSolution
		SolutionGuid = {91BCEDC2-7C8E-4C7F-BBE9-7509BC974E48}
	EndGlobalSection
EndGlobal
